// !$*UTF8*$!
{
	archiveVersion = 1;
	classes = {
	};
	objectVersion = 56;
	objects = {

/* Begin PBXBuildFile section */
		BF3337262B9652B3007D2B32 /* AppDelegate.swift in Sources */ = {isa = PBXBuildFile; fileRef = BF3337252B9652B3007D2B32 /* AppDelegate.swift */; };
		BF3337282B9652B3007D2B32 /* SceneDelegate.swift in Sources */ = {isa = PBXBuildFile; fileRef = BF3337272B9652B3007D2B32 /* SceneDelegate.swift */; };
		BF33372A2B9652B3007D2B32 /* MoviesViewController.swift in Sources */ = {isa = PBXBuildFile; fileRef = BF3337292B9652B3007D2B32 /* MoviesViewController.swift */; };
		BF33372D2B9652B3007D2B32 /* Main.storyboard in Resources */ = {isa = PBXBuildFile; fileRef = BF33372B2B9652B3007D2B32 /* Main.storyboard */; };
		BF33372F2B9652B5007D2B32 /* Assets.xcassets in Resources */ = {isa = PBXBuildFile; fileRef = BF33372E2B9652B5007D2B32 /* Assets.xcassets */; };
		BF3337322B9652B5007D2B32 /* LaunchScreen.storyboard in Resources */ = {isa = PBXBuildFile; fileRef = BF3337302B9652B5007D2B32 /* LaunchScreen.storyboard */; };
		BF33373A2B965591007D2B32 /* Utils.swift in Sources */ = {isa = PBXBuildFile; fileRef = BF3337392B965591007D2B32 /* Utils.swift */; };
		BF33373C2B9655C5007D2B32 /* MoviesService.swift in Sources */ = {isa = PBXBuildFile; fileRef = BF33373B2B9655C5007D2B32 /* MoviesService.swift */; };
		BF33373E2B965966007D2B32 /* MoviesViewModel.swift in Sources */ = {isa = PBXBuildFile; fileRef = BF33373D2B965966007D2B32 /* MoviesViewModel.swift */; };
		BF3337402B96596F007D2B32 /* Variable.swift in Sources */ = {isa = PBXBuildFile; fileRef = BF33373F2B96596F007D2B32 /* Variable.swift */; };
		BF3337422B965AD9007D2B32 /* MovieCell.swift in Sources */ = {isa = PBXBuildFile; fileRef = BF3337412B965AD9007D2B32 /* MovieCell.swift */; };
		BF3337462B966157007D2B32 /* MovieDetailsService.swift in Sources */ = {isa = PBXBuildFile; fileRef = BF3337452B966157007D2B32 /* MovieDetailsService.swift */; };
		BF3337482B96617A007D2B32 /* MovieDetailsViewController.swift in Sources */ = {isa = PBXBuildFile; fileRef = BF3337472B96617A007D2B32 /* MovieDetailsViewController.swift */; };
		BF33374C2B966265007D2B32 /* MovieDetailsViewModel.swift in Sources */ = {isa = PBXBuildFile; fileRef = BF33374B2B966265007D2B32 /* MovieDetailsViewModel.swift */; };
/* End PBXBuildFile section */

/* Begin PBXFileReference section */
		BF3337222B9652B3007D2B32 /* LearningUIKit.app */ = {isa = PBXFileReference; explicitFileType = wrapper.application; includeInIndex = 0; path = LearningUIKit.app; sourceTree = BUILT_PRODUCTS_DIR; };
		BF3337252B9652B3007D2B32 /* AppDelegate.swift */ = {isa = PBXFileReference; lastKnownFileType = sourcecode.swift; path = AppDelegate.swift; sourceTree = "<group>"; };
		BF3337272B9652B3007D2B32 /* SceneDelegate.swift */ = {isa = PBXFileReference; lastKnownFileType = sourcecode.swift; path = SceneDelegate.swift; sourceTree = "<group>"; };
		BF3337292B9652B3007D2B32 /* MoviesViewController.swift */ = {isa = PBXFileReference; lastKnownFileType = sourcecode.swift; path = MoviesViewController.swift; sourceTree = "<group>"; };
		BF33372C2B9652B3007D2B32 /* Base */ = {isa = PBXFileReference; lastKnownFileType = file.storyboard; name = Base; path = Base.lproj/Main.storyboard; sourceTree = "<group>"; };
		BF33372E2B9652B5007D2B32 /* Assets.xcassets */ = {isa = PBXFileReference; lastKnownFileType = folder.assetcatalog; path = Assets.xcassets; sourceTree = "<group>"; };
		BF3337312B9652B5007D2B32 /* Base */ = {isa = PBXFileReference; lastKnownFileType = file.storyboard; name = Base; path = Base.lproj/LaunchScreen.storyboard; sourceTree = "<group>"; };
		BF3337332B9652B5007D2B32 /* Info.plist */ = {isa = PBXFileReference; lastKnownFileType = text.plist.xml; path = Info.plist; sourceTree = "<group>"; };
		BF3337392B965591007D2B32 /* Utils.swift */ = {isa = PBXFileReference; lastKnownFileType = sourcecode.swift; path = Utils.swift; sourceTree = "<group>"; };
		BF33373B2B9655C5007D2B32 /* MoviesService.swift */ = {isa = PBXFileReference; lastKnownFileType = sourcecode.swift; path = MoviesService.swift; sourceTree = "<group>"; };
		BF33373D2B965966007D2B32 /* MoviesViewModel.swift */ = {isa = PBXFileReference; lastKnownFileType = sourcecode.swift; path = MoviesViewModel.swift; sourceTree = "<group>"; };
		BF33373F2B96596F007D2B32 /* Variable.swift */ = {isa = PBXFileReference; lastKnownFileType = sourcecode.swift; path = Variable.swift; sourceTree = "<group>"; };
		BF3337412B965AD9007D2B32 /* MovieCell.swift */ = {isa = PBXFileReference; lastKnownFileType = sourcecode.swift; path = MovieCell.swift; sourceTree = "<group>"; };
		BF3337452B966157007D2B32 /* MovieDetailsService.swift */ = {isa = PBXFileReference; lastKnownFileType = sourcecode.swift; path = MovieDetailsService.swift; sourceTree = "<group>"; };
		BF3337472B96617A007D2B32 /* MovieDetailsViewController.swift */ = {isa = PBXFileReference; lastKnownFileType = sourcecode.swift; path = MovieDetailsViewController.swift; sourceTree = "<group>"; };
		BF33374B2B966265007D2B32 /* MovieDetailsViewModel.swift */ = {isa = PBXFileReference; lastKnownFileType = sourcecode.swift; path = MovieDetailsViewModel.swift; sourceTree = "<group>"; };
/* End PBXFileReference section */

/* Begin PBXFrameworksBuildPhase section */
		BF33371F2B9652B3007D2B32 /* Frameworks */ = {
			isa = PBXFrameworksBuildPhase;
			buildActionMask = 2147483647;
			files = (
			);
			runOnlyForDeploymentPostprocessing = 0;
		};
/* End PBXFrameworksBuildPhase section */

/* Begin PBXGroup section */
		BF3337192B9652B3007D2B32 = {
			isa = PBXGroup;
			children = (
				BF3337242B9652B3007D2B32 /* LearningUIKit */,
				BF3337232B9652B3007D2B32 /* Products */,
			);
			sourceTree = "<group>";
		};
		BF3337232B9652B3007D2B32 /* Products */ = {
			isa = PBXGroup;
			children = (
				BF3337222B9652B3007D2B32 /* LearningUIKit.app */,
			);
			name = Products;
			sourceTree = "<group>";
		};
		BF3337242B9652B3007D2B32 /* LearningUIKit */ = {
			isa = PBXGroup;
			children = (
				BF3337252B9652B3007D2B32 /* AppDelegate.swift */,
				BF3337272B9652B3007D2B32 /* SceneDelegate.swift */,
				BF3337392B965591007D2B32 /* Utils.swift */,
				BF33373F2B96596F007D2B32 /* Variable.swift */,
				BF3337432B966055007D2B32 /* Movies */,
				BF3337442B966138007D2B32 /* MovieDetails */,
				BF33372B2B9652B3007D2B32 /* Main.storyboard */,
				BF33372E2B9652B5007D2B32 /* Assets.xcassets */,
				BF3337302B9652B5007D2B32 /* LaunchScreen.storyboard */,
				BF3337332B9652B5007D2B32 /* Info.plist */,
			);
			path = LearningUIKit;
			sourceTree = "<group>";
		};
		BF3337432B966055007D2B32 /* Movies */ = {
			isa = PBXGroup;
			children = (
				BF33373B2B9655C5007D2B32 /* MoviesService.swift */,
				BF3337292B9652B3007D2B32 /* MoviesViewController.swift */,
				BF33373D2B965966007D2B32 /* MoviesViewModel.swift */,
				BF3337412B965AD9007D2B32 /* MovieCell.swift */,
			);
			path = Movies;
			sourceTree = "<group>";
		};
		BF3337442B966138007D2B32 /* MovieDetails */ = {
			isa = PBXGroup;
			children = (
				BF3337472B96617A007D2B32 /* MovieDetailsViewController.swift */,
				BF33374B2B966265007D2B32 /* MovieDetailsViewModel.swift */,
				BF3337452B966157007D2B32 /* MovieDetailsService.swift */,
			);
			path = MovieDetails;
			sourceTree = "<group>";
		};
/* End PBXGroup section */

/* Begin PBXNativeTarget section */
		BF3337212B9652B3007D2B32 /* LearningUIKit */ = {
			isa = PBXNativeTarget;
			buildConfigurationList = BF3337362B9652B5007D2B32 /* Build configuration list for PBXNativeTarget "LearningUIKit" */;
			buildPhases = (
				BF33371E2B9652B3007D2B32 /* Sources */,
				BF33371F2B9652B3007D2B32 /* Frameworks */,
				BF3337202B9652B3007D2B32 /* Resources */,
			);
			buildRules = (
			);
			dependencies = (
			);
			name = LearningUIKit;
			productName = LearningUIKit;
			productReference = BF3337222B9652B3007D2B32 /* LearningUIKit.app */;
			productType = "com.apple.product-type.application";
		};
/* End PBXNativeTarget section */

/* Begin PBXProject section */
		BF33371A2B9652B3007D2B32 /* Project object */ = {
			isa = PBXProject;
			attributes = {
				BuildIndependentTargetsInParallel = 1;
				LastSwiftUpdateCheck = 1510;
				LastUpgradeCheck = 1510;
				TargetAttributes = {
					BF3337212B9652B3007D2B32 = {
						CreatedOnToolsVersion = 15.1;
					};
				};
			};
			buildConfigurationList = BF33371D2B9652B3007D2B32 /* Build configuration list for PBXProject "LearningUIKit" */;
			compatibilityVersion = "Xcode 14.0";
			developmentRegion = en;
			hasScannedForEncodings = 0;
			knownRegions = (
				en,
				Base,
			);
			mainGroup = BF3337192B9652B3007D2B32;
			productRefGroup = BF3337232B9652B3007D2B32 /* Products */;
			projectDirPath = "";
			projectRoot = "";
			targets = (
				BF3337212B9652B3007D2B32 /* LearningUIKit */,
			);
		};
/* End PBXProject section */

/* Begin PBXResourcesBuildPhase section */
		BF3337202B9652B3007D2B32 /* Resources */ = {
			isa = PBXResourcesBuildPhase;
			buildActionMask = 2147483647;
			files = (
				BF3337322B9652B5007D2B32 /* LaunchScreen.storyboard in Resources */,
				BF33372F2B9652B5007D2B32 /* Assets.xcassets in Resources */,
				BF33372D2B9652B3007D2B32 /* Main.storyboard in Resources */,
			);
			runOnlyForDeploymentPostprocessing = 0;
		};
/* End PBXResourcesBuildPhase section */

/* Begin PBXSourcesBuildPhase section */
		BF33371E2B9652B3007D2B32 /* Sources */ = {
			isa = PBXSourcesBuildPhase;
			buildActionMask = 2147483647;
			files = (
				BF3337482B96617A007D2B32 /* MovieDetailsViewController.swift in Sources */,
				BF33372A2B9652B3007D2B32 /* MoviesViewController.swift in Sources */,
				BF3337402B96596F007D2B32 /* Variable.swift in Sources */,
				BF3337422B965AD9007D2B32 /* MovieCell.swift in Sources */,
				BF33373E2B965966007D2B32 /* MoviesViewModel.swift in Sources */,
				BF33374C2B966265007D2B32 /* MovieDetailsViewModel.swift in Sources */,
				BF33373C2B9655C5007D2B32 /* MoviesService.swift in Sources */,
				BF3337262B9652B3007D2B32 /* AppDelegate.swift in Sources */,
				BF3337462B966157007D2B32 /* MovieDetailsService.swift in Sources */,
				BF3337282B9652B3007D2B32 /* SceneDelegate.swift in Sources */,
				BF33373A2B965591007D2B32 /* Utils.swift in Sources */,
			);
			runOnlyForDeploymentPostprocessing = 0;
		};
/* End PBXSourcesBuildPhase section */

/* Begin PBXVariantGroup section */
		BF33372B2B9652B3007D2B32 /* Main.storyboard */ = {
			isa = PBXVariantGroup;
			children = (
				BF33372C2B9652B3007D2B32 /* Base */,
			);
			name = Main.storyboard;
			sourceTree = "<group>";
		};
		BF3337302B9652B5007D2B32 /* LaunchScreen.storyboard */ = {
			isa = PBXVariantGroup;
			children = (
				BF3337312B9652B5007D2B32 /* Base */,
			);
			name = LaunchScreen.storyboard;
			sourceTree = "<group>";
		};
/* End PBXVariantGroup section */

/* Begin XCBuildConfiguration section */
		BF3337342B9652B5007D2B32 /* Debug */ = {
			isa = XCBuildConfiguration;
			buildSettings = {
				ALWAYS_SEARCH_USER_PATHS = NO;
				ASSETCATALOG_COMPILER_GENERATE_SWIFT_ASSET_SYMBOL_EXTENSIONS = YES;
				CLANG_ANALYZER_NONNULL = YES;
				CLANG_ANALYZER_NUMBER_OBJECT_CONVERSION = YES_AGGRESSIVE;
				CLANG_CXX_LANGUAGE_STANDARD = "gnu++20";
				CLANG_ENABLE_MODULES = YES;
				CLANG_ENABLE_OBJC_ARC = YES;
				CLANG_ENABLE_OBJC_WEAK = YES;
				CLANG_WARN_BLOCK_CAPTURE_AUTORELEASING = YES;
				CLANG_WARN_BOOL_CONVERSION = YES;
				CLANG_WARN_COMMA = YES;
				CLANG_WARN_CONSTANT_CONVERSION = YES;
				CLANG_WARN_DEPRECATED_OBJC_IMPLEMENTATIONS = YES;
				CLANG_WARN_DIRECT_OBJC_ISA_USAGE = YES_ERROR;
				CLANG_WARN_DOCUMENTATION_COMMENTS = YES;
				CLANG_WARN_EMPTY_BODY = YES;
				CLANG_WARN_ENUM_CONVERSION = YES;
				CLANG_WARN_INFINITE_RECURSION = YES;
				CLANG_WARN_INT_CONVERSION = YES;
				CLANG_WARN_NON_LITERAL_NULL_CONVERSION = YES;
				CLANG_WARN_OBJC_IMPLICIT_RETAIN_SELF = YES;
				CLANG_WARN_OBJC_LITERAL_CONVERSION = YES;
				CLANG_WARN_OBJC_ROOT_CLASS = YES_ERROR;
				CLANG_WARN_QUOTED_INCLUDE_IN_FRAMEWORK_HEADER = YES;
				CLANG_WARN_RANGE_LOOP_ANALYSIS = YES;
				CLANG_WARN_STRICT_PROTOTYPES = YES;
				CLANG_WARN_SUSPICIOUS_MOVE = YES;
				CLANG_WARN_UNGUARDED_AVAILABILITY = YES_AGGRESSIVE;
				CLANG_WARN_UNREACHABLE_CODE = YES;
				CLANG_WARN__DUPLICATE_METHOD_MATCH = YES;
				COPY_PHASE_STRIP = NO;
				DEBUG_INFORMATION_FORMAT = dwarf;
				ENABLE_STRICT_OBJC_MSGSEND = YES;
				ENABLE_TESTABILITY = YES;
				ENABLE_USER_SCRIPT_SANDBOXING = YES;
				GCC_C_LANGUAGE_STANDARD = gnu17;
				GCC_DYNAMIC_NO_PIC = NO;
				GCC_NO_COMMON_BLOCKS = YES;
				GCC_OPTIMIZATION_LEVEL = 0;
				GCC_PREPROCESSOR_DEFINITIONS = (
					"DEBUG=1",
					"$(inherited)",
				);
				GCC_WARN_64_TO_32_BIT_CONVERSION = YES;
				GCC_WARN_ABOUT_RETURN_TYPE = YES_ERROR;
				GCC_WARN_UNDECLARED_SELECTOR = YES;
				GCC_WARN_UNINITIALIZED_AUTOS = YES_AGGRESSIVE;
				GCC_WARN_UNUSED_FUNCTION = YES;
				GCC_WARN_UNUSED_VARIABLE = YES;
				IPHONEOS_DEPLOYMENT_TARGET = 17.2;
				LOCALIZATION_PREFERS_STRING_CATALOGS = YES;
				MTL_ENABLE_DEBUG_INFO = INCLUDE_SOURCE;
				MTL_FAST_MATH = YES;
				ONLY_ACTIVE_ARCH = YES;
				SDKROOT = iphoneos;
				SWIFT_ACTIVE_COMPILATION_CONDITIONS = "DEBUG $(inherited)";
				SWIFT_OPTIMIZATION_LEVEL = "-Onone";
			};
			name = Debug;
		};
		BF3337352B9652B5007D2B32 /* Release */ = {
			isa = XCBuildConfiguration;
			buildSettings = {
				ALWAYS_SEARCH_USER_PATHS = NO;
				ASSETCATALOG_COMPILER_GENERATE_SWIFT_ASSET_SYMBOL_EXTENSIONS = YES;
				CLANG_ANALYZER_NONNULL = YES;
				CLANG_ANALYZER_NUMBER_OBJECT_CONVERSION = YES_AGGRESSIVE;
				CLANG_CXX_LANGUAGE_STANDARD = "gnu++20";
				CLANG_ENABLE_MODULES = YES;
				CLANG_ENABLE_OBJC_ARC = YES;
				CLANG_ENABLE_OBJC_WEAK = YES;
				CLANG_WARN_BLOCK_CAPTURE_AUTORELEASING = YES;
				CLANG_WARN_BOOL_CONVERSION = YES;
				CLANG_WARN_COMMA = YES;
				CLANG_WARN_CONSTANT_CONVERSION = YES;
				CLANG_WARN_DEPRECATED_OBJC_IMPLEMENTATIONS = YES;
				CLANG_WARN_DIRECT_OBJC_ISA_USAGE = YES_ERROR;
				CLANG_WARN_DOCUMENTATION_COMMENTS = YES;
				CLANG_WARN_EMPTY_BODY = YES;
				CLANG_WARN_ENUM_CONVERSION = YES;
				CLANG_WARN_INFINITE_RECURSION = YES;
				CLANG_WARN_INT_CONVERSION = YES;
				CLANG_WARN_NON_LITERAL_NULL_CONVERSION = YES;
				CLANG_WARN_OBJC_IMPLICIT_RETAIN_SELF = YES;
				CLANG_WARN_OBJC_LITERAL_CONVERSION = YES;
				CLANG_WARN_OBJC_ROOT_CLASS = YES_ERROR;
				CLANG_WARN_QUOTED_INCLUDE_IN_FRAMEWORK_HEADER = YES;
				CLANG_WARN_RANGE_LOOP_ANALYSIS = YES;
				CLANG_WARN_STRICT_PROTOTYPES = YES;
				CLANG_WARN_SUSPICIOUS_MOVE = YES;
				CLANG_WARN_UNGUARDED_AVAILABILITY = YES_AGGRESSIVE;
				CLANG_WARN_UNREACHABLE_CODE = YES;
				CLANG_WARN__DUPLICATE_METHOD_MATCH = YES;
				COPY_PHASE_STRIP = NO;
				DEBUG_INFORMATION_FORMAT = "dwarf-with-dsym";
				ENABLE_NS_ASSERTIONS = NO;
				ENABLE_STRICT_OBJC_MSGSEND = YES;
				ENABLE_USER_SCRIPT_SANDBOXING = YES;
				GCC_C_LANGUAGE_STANDARD = gnu17;
				GCC_NO_COMMON_BLOCKS = YES;
				GCC_WARN_64_TO_32_BIT_CONVERSION = YES;
				GCC_WARN_ABOUT_RETURN_TYPE = YES_ERROR;
				GCC_WARN_UNDECLARED_SELECTOR = YES;
				GCC_WARN_UNINITIALIZED_AUTOS = YES_AGGRESSIVE;
				GCC_WARN_UNUSED_FUNCTION = YES;
				GCC_WARN_UNUSED_VARIABLE = YES;
				IPHONEOS_DEPLOYMENT_TARGET = 17.2;
				LOCALIZATION_PREFERS_STRING_CATALOGS = YES;
				MTL_ENABLE_DEBUG_INFO = NO;
				MTL_FAST_MATH = YES;
				SDKROOT = iphoneos;
				SWIFT_COMPILATION_MODE = wholemodule;
				VALIDATE_PRODUCT = YES;
			};
			name = Release;
		};
		BF3337372B9652B5007D2B32 /* Debug */ = {
			isa = XCBuildConfiguration;
			buildSettings = {
				ASSETCATALOG_COMPILER_APPICON_NAME = AppIcon;
				ASSETCATALOG_COMPILER_GLOBAL_ACCENT_COLOR_NAME = AccentColor;
				CODE_SIGN_STYLE = Automatic;
				CURRENT_PROJECT_VERSION = 1;
				DEVELOPMENT_TEAM = 2937XWQ9VF;
				GENERATE_INFOPLIST_FILE = YES;
				INFOPLIST_FILE = LearningUIKit/Info.plist;
				INFOPLIST_KEY_UIApplicationSupportsIndirectInputEvents = YES;
				INFOPLIST_KEY_UILaunchStoryboardName = LaunchScreen;
				INFOPLIST_KEY_UIMainStoryboardFile = Main;
				INFOPLIST_KEY_UISupportedInterfaceOrientations_iPad = "UIInterfaceOrientationPortrait UIInterfaceOrientationPortraitUpsideDown UIInterfaceOrientationLandscapeLeft UIInterfaceOrientationLandscapeRight";
				INFOPLIST_KEY_UISupportedInterfaceOrientations_iPhone = "UIInterfaceOrientationPortrait UIInterfaceOrientationLandscapeLeft UIInterfaceOrientationLandscapeRight";
				LD_RUNPATH_SEARCH_PATHS = (
					"$(inherited)",
					"@executable_path/Frameworks",
				);
				MARKETING_VERSION = 1.0;
				PRODUCT_BUNDLE_IDENTIFIER = com.vincentpradeilles.LearningUIKit;
				PRODUCT_NAME = "$(TARGET_NAME)";
				SWIFT_EMIT_LOC_STRINGS = YES;
				SWIFT_VERSION = 5.0;
				TARGETED_DEVICE_FAMILY = "1,2";
			};
			name = Debug;
		};
		BF3337382B9652B5007D2B32 /* Release */ = {
			isa = XCBuildConfiguration;
			buildSettings = {
				ASSETCATALOG_COMPILER_APPICON_NAME = AppIcon;
				ASSETCATALOG_COMPILER_GLOBAL_ACCENT_COLOR_NAME = AccentColor;
				CODE_SIGN_STYLE = Automatic;
				CURRENT_PROJECT_VERSION = 1;
				DEVELOPMENT_TEAM = 2937XWQ9VF;
				GENERATE_INFOPLIST_FILE = YES;
				INFOPLIST_FILE = LearningUIKit/Info.plist;
				INFOPLIST_KEY_UIApplicationSupportsIndirectInputEvents = YES;
				INFOPLIST_KEY_UILaunchStoryboardName = LaunchScreen;
				INFOPLIST_KEY_UIMainStoryboardFile = Main;
				INFOPLIST_KEY_UISupportedInterfaceOrientations_iPad = "UIInterfaceOrientationPortrait UIInterfaceOrientationPortraitUpsideDown UIInterfaceOrientationLandscapeLeft UIInterfaceOrientationLandscapeRight";
				INFOPLIST_KEY_UISupportedInterfaceOrientations_iPhone = "UIInterfaceOrientationPortrait UIInterfaceOrientationLandscapeLeft UIInterfaceOrientationLandscapeRight";
				LD_RUNPATH_SEARCH_PATHS = (
					"$(inherited)",
					"@executable_path/Frameworks",
				);
				MARKETING_VERSION = 1.0;
				PRODUCT_BUNDLE_IDENTIFIER = com.vincentpradeilles.LearningUIKit;
				PRODUCT_NAME = "$(TARGET_NAME)";
				SWIFT_EMIT_LOC_STRINGS = YES;
				SWIFT_VERSION = 5.0;
				TARGETED_DEVICE_FAMILY = "1,2";
			};
			name = Release;
		};
/* End XCBuildConfiguration section */

/* Begin XCConfigurationList section */
		BF33371D2B9652B3007D2B32 /* Build configuration list for PBXProject "LearningUIKit" */ = {
			isa = XCConfigurationList;
			buildConfigurations = (
				BF3337342B9652B5007D2B32 /* Debug */,
				BF3337352B9652B5007D2B32 /* Release */,
			);
			defaultConfigurationIsVisible = 0;
			defaultConfigurationName = Release;
		};
		BF3337362B9652B5007D2B32 /* Build configuration list for PBXNativeTarget "LearningUIKit" */ = {
			isa = XCConfigurationList;
			buildConfigurations = (
				BF3337372B9652B5007D2B32 /* Debug */,
				BF3337382B9652B5007D2B32 /* Release */,
			);
			defaultConfigurationIsVisible = 0;
			defaultConfigurationName = Release;
		};
/* End XCConfigurationList section */
	};
	rootObject = BF33371A2B9652B3007D2B32 /* Project object */;
}
