// !$*UTF8*$!
{
	archiveVersion = 1;
	classes = {
	};
	objectVersion = 56;
	objects = {

/* Begin PBXBuildFile section */
		BF13C4762B932A4700600612 /* AppDelegate.swift in Sources */ = {isa = PBXBuildFile; fileRef = BF13C4752B932A4700600612 /* AppDelegate.swift */; };
		BF13C4782B932A4700600612 /* SceneDelegate.swift in Sources */ = {isa = PBXBuildFile; fileRef = BF13C4772B932A4700600612 /* SceneDelegate.swift */; };
		BF13C47D2B932A4700600612 /* Main.storyboard in Resources */ = {isa = PBXBuildFile; fileRef = BF13C47B2B932A4700600612 /* Main.storyboard */; };
		BF13C47F2B932A4800600612 /* Assets.xcassets in Resources */ = {isa = PBXBuildFile; fileRef = BF13C47E2B932A4800600612 /* Assets.xcassets */; };
		BF13C4822B932A4800600612 /* LaunchScreen.storyboard in Resources */ = {isa = PBXBuildFile; fileRef = BF13C4802B932A4800600612 /* LaunchScreen.storyboard */; };
		BF13C48D2B932C3100600612 /* MoviesService.swift in Sources */ = {isa = PBXBuildFile; fileRef = BF13C4892B932C3100600612 /* MoviesService.swift */; };
		BF13C48E2B932C3100600612 /* MoviesViewController.swift in Sources */ = {isa = PBXBuildFile; fileRef = BF13C48A2B932C3100600612 /* MoviesViewController.swift */; };
		BF13C48F2B932C3100600612 /* MovieCell.swift in Sources */ = {isa = PBXBuildFile; fileRef = BF13C48B2B932C3100600612 /* MovieCell.swift */; };
		BF13C4902B932C3100600612 /* MoviesViewModel.swift in Sources */ = {isa = PBXBuildFile; fileRef = BF13C48C2B932C3100600612 /* MoviesViewModel.swift */; };
		BF13C4932B932C5600600612 /* Utils.swift in Sources */ = {isa = PBXBuildFile; fileRef = BF13C4922B932C5600600612 /* Utils.swift */; };
		BF13C4952B932C9700600612 /* Variable.swift in Sources */ = {isa = PBXBuildFile; fileRef = BF13C4942B932C9700600612 /* Variable.swift */; };
		BF13C4C32B93312F00600612 /* MovieDetailsService.swift in Sources */ = {isa = PBXBuildFile; fileRef = BF13C4C02B93312F00600612 /* MovieDetailsService.swift */; };
		BF13C4C42B93312F00600612 /* MovieDetailsViewController.swift in Sources */ = {isa = PBXBuildFile; fileRef = BF13C4C12B93312F00600612 /* MovieDetailsViewController.swift */; };
		BF13C4C52B93312F00600612 /* MovieDetailsViewModel.swift in Sources */ = {isa = PBXBuildFile; fileRef = BF13C4C22B93312F00600612 /* MovieDetailsViewModel.swift */; };
/* End PBXBuildFile section */

/* Begin PBXFileReference section */
		BF13C4722B932A4700600612 /* LearningUIKit.app */ = {isa = PBXFileReference; explicitFileType = wrapper.application; includeInIndex = 0; path = LearningUIKit.app; sourceTree = BUILT_PRODUCTS_DIR; };
		BF13C4752B932A4700600612 /* AppDelegate.swift */ = {isa = PBXFileReference; lastKnownFileType = sourcecode.swift; path = AppDelegate.swift; sourceTree = "<group>"; };
		BF13C4772B932A4700600612 /* SceneDelegate.swift */ = {isa = PBXFileReference; lastKnownFileType = sourcecode.swift; path = SceneDelegate.swift; sourceTree = "<group>"; };
		BF13C47C2B932A4700600612 /* Base */ = {isa = PBXFileReference; lastKnownFileType = file.storyboard; name = Base; path = Base.lproj/Main.storyboard; sourceTree = "<group>"; };
		BF13C47E2B932A4800600612 /* Assets.xcassets */ = {isa = PBXFileReference; lastKnownFileType = folder.assetcatalog; path = Assets.xcassets; sourceTree = "<group>"; };
		BF13C4812B932A4800600612 /* Base */ = {isa = PBXFileReference; lastKnownFileType = file.storyboard; name = Base; path = Base.lproj/LaunchScreen.storyboard; sourceTree = "<group>"; };
		BF13C4832B932A4800600612 /* Info.plist */ = {isa = PBXFileReference; lastKnownFileType = text.plist.xml; path = Info.plist; sourceTree = "<group>"; };
		BF13C4892B932C3100600612 /* MoviesService.swift */ = {isa = PBXFileReference; fileEncoding = 4; lastKnownFileType = sourcecode.swift; path = MoviesService.swift; sourceTree = "<group>"; };
		BF13C48A2B932C3100600612 /* MoviesViewController.swift */ = {isa = PBXFileReference; fileEncoding = 4; lastKnownFileType = sourcecode.swift; path = MoviesViewController.swift; sourceTree = "<group>"; };
		BF13C48B2B932C3100600612 /* MovieCell.swift */ = {isa = PBXFileReference; fileEncoding = 4; lastKnownFileType = sourcecode.swift; path = MovieCell.swift; sourceTree = "<group>"; };
		BF13C48C2B932C3100600612 /* MoviesViewModel.swift */ = {isa = PBXFileReference; fileEncoding = 4; lastKnownFileType = sourcecode.swift; path = MoviesViewModel.swift; sourceTree = "<group>"; };
		BF13C4922B932C5600600612 /* Utils.swift */ = {isa = PBXFileReference; fileEncoding = 4; lastKnownFileType = sourcecode.swift; path = Utils.swift; sourceTree = "<group>"; };
		BF13C4942B932C9700600612 /* Variable.swift */ = {isa = PBXFileReference; fileEncoding = 4; lastKnownFileType = sourcecode.swift; path = Variable.swift; sourceTree = "<group>"; };
		BF13C4C02B93312F00600612 /* MovieDetailsService.swift */ = {isa = PBXFileReference; fileEncoding = 4; lastKnownFileType = sourcecode.swift; path = MovieDetailsService.swift; sourceTree = "<group>"; };
		BF13C4C12B93312F00600612 /* MovieDetailsViewController.swift */ = {isa = PBXFileReference; fileEncoding = 4; lastKnownFileType = sourcecode.swift; path = MovieDetailsViewController.swift; sourceTree = "<group>"; };
		BF13C4C22B93312F00600612 /* MovieDetailsViewModel.swift */ = {isa = PBXFileReference; fileEncoding = 4; lastKnownFileType = sourcecode.swift; path = MovieDetailsViewModel.swift; sourceTree = "<group>"; };
/* End PBXFileReference section */

/* Begin PBXFrameworksBuildPhase section */
		BF13C46F2B932A4700600612 /* Frameworks */ = {
			isa = PBXFrameworksBuildPhase;
			buildActionMask = 2147483647;
			files = (
			);
			runOnlyForDeploymentPostprocessing = 0;
		};
/* End PBXFrameworksBuildPhase section */

/* Begin PBXGroup section */
		BF13C4692B932A4700600612 = {
			isa = PBXGroup;
			children = (
				BF13C4742B932A4700600612 /* LearningUIKit */,
				BF13C4732B932A4700600612 /* Products */,
			);
			sourceTree = "<group>";
		};
		BF13C4732B932A4700600612 /* Products */ = {
			isa = PBXGroup;
			children = (
				BF13C4722B932A4700600612 /* LearningUIKit.app */,
			);
			name = Products;
			sourceTree = "<group>";
		};
		BF13C4742B932A4700600612 /* LearningUIKit */ = {
			isa = PBXGroup;
			children = (
				BF13C4752B932A4700600612 /* AppDelegate.swift */,
				BF13C4772B932A4700600612 /* SceneDelegate.swift */,
				BF13C4922B932C5600600612 /* Utils.swift */,
				BF13C4942B932C9700600612 /* Variable.swift */,
				BF13C4912B932C3600600612 /* Movies */,
				BF13C4BF2B93312000600612 /* MovieDetails */,
				BF13C47B2B932A4700600612 /* Main.storyboard */,
				BF13C47E2B932A4800600612 /* Assets.xcassets */,
				BF13C4802B932A4800600612 /* LaunchScreen.storyboard */,
				BF13C4832B932A4800600612 /* Info.plist */,
			);
			path = LearningUIKit;
			sourceTree = "<group>";
		};
		BF13C4912B932C3600600612 /* Movies */ = {
			isa = PBXGroup;
			children = (
				BF13C48A2B932C3100600612 /* MoviesViewController.swift */,
				BF13C48C2B932C3100600612 /* MoviesViewModel.swift */,
				BF13C4892B932C3100600612 /* MoviesService.swift */,
				BF13C48B2B932C3100600612 /* MovieCell.swift */,
			);
			path = Movies;
			sourceTree = "<group>";
		};
		BF13C4BF2B93312000600612 /* MovieDetails */ = {
			isa = PBXGroup;
			children = (
				BF13C4C12B93312F00600612 /* MovieDetailsViewController.swift */,
				BF13C4C22B93312F00600612 /* MovieDetailsViewModel.swift */,
				BF13C4C02B93312F00600612 /* MovieDetailsService.swift */,
			);
			path = MovieDetails;
			sourceTree = "<group>";
		};
/* End PBXGroup section */

/* Begin PBXNativeTarget section */
		BF13C4712B932A4700600612 /* LearningUIKit */ = {
			isa = PBXNativeTarget;
			buildConfigurationList = BF13C4862B932A4800600612 /* Build configuration list for PBXNativeTarget "LearningUIKit" */;
			buildPhases = (
				BF13C46E2B932A4700600612 /* Sources */,
				BF13C46F2B932A4700600612 /* Frameworks */,
				BF13C4702B932A4700600612 /* Resources */,
			);
			buildRules = (
			);
			dependencies = (
			);
			name = LearningUIKit;
			productName = LearningUIKit;
			productReference = BF13C4722B932A4700600612 /* LearningUIKit.app */;
			productType = "com.apple.product-type.application";
		};
/* End PBXNativeTarget section */

/* Begin PBXProject section */
		BF13C46A2B932A4700600612 /* Project object */ = {
			isa = PBXProject;
			attributes = {
				BuildIndependentTargetsInParallel = 1;
				LastSwiftUpdateCheck = 1520;
				LastUpgradeCheck = 1520;
				TargetAttributes = {
					BF13C4712B932A4700600612 = {
						CreatedOnToolsVersion = 15.2;
					};
				};
			};
			buildConfigurationList = BF13C46D2B932A4700600612 /* Build configuration list for PBXProject "LearningUIKit" */;
			compatibilityVersion = "Xcode 14.0";
			developmentRegion = en;
			hasScannedForEncodings = 0;
			knownRegions = (
				en,
				Base,
			);
			mainGroup = BF13C4692B932A4700600612;
			productRefGroup = BF13C4732B932A4700600612 /* Products */;
			projectDirPath = "";
			projectRoot = "";
			targets = (
				BF13C4712B932A4700600612 /* LearningUIKit */,
			);
		};
/* End PBXProject section */

/* Begin PBXResourcesBuildPhase section */
		BF13C4702B932A4700600612 /* Resources */ = {
			isa = PBXResourcesBuildPhase;
			buildActionMask = 2147483647;
			files = (
				BF13C4822B932A4800600612 /* LaunchScreen.storyboard in Resources */,
				BF13C47F2B932A4800600612 /* Assets.xcassets in Resources */,
				BF13C47D2B932A4700600612 /* Main.storyboard in Resources */,
			);
			runOnlyForDeploymentPostprocessing = 0;
		};
/* End PBXResourcesBuildPhase section */

/* Begin PBXSourcesBuildPhase section */
		BF13C46E2B932A4700600612 /* Sources */ = {
			isa = PBXSourcesBuildPhase;
			buildActionMask = 2147483647;
			files = (
				BF13C4C42B93312F00600612 /* MovieDetailsViewController.swift in Sources */,
				BF13C4952B932C9700600612 /* Variable.swift in Sources */,
				BF13C48E2B932C3100600612 /* MoviesViewController.swift in Sources */,
				BF13C48F2B932C3100600612 /* MovieCell.swift in Sources */,
				BF13C4762B932A4700600612 /* AppDelegate.swift in Sources */,
				BF13C4C52B93312F00600612 /* MovieDetailsViewModel.swift in Sources */,
				BF13C4902B932C3100600612 /* MoviesViewModel.swift in Sources */,
				BF13C48D2B932C3100600612 /* MoviesService.swift in Sources */,
				BF13C4C32B93312F00600612 /* MovieDetailsService.swift in Sources */,
				BF13C4782B932A4700600612 /* SceneDelegate.swift in Sources */,
				BF13C4932B932C5600600612 /* Utils.swift in Sources */,
			);
			runOnlyForDeploymentPostprocessing = 0;
		};
/* End PBXSourcesBuildPhase section */

/* Begin PBXVariantGroup section */
		BF13C47B2B932A4700600612 /* Main.storyboard */ = {
			isa = PBXVariantGroup;
			children = (
				BF13C47C2B932A4700600612 /* Base */,
			);
			name = Main.storyboard;
			sourceTree = "<group>";
		};
		BF13C4802B932A4800600612 /* LaunchScreen.storyboard */ = {
			isa = PBXVariantGroup;
			children = (
				BF13C4812B932A4800600612 /* Base */,
			);
			name = LaunchScreen.storyboard;
			sourceTree = "<group>";
		};
/* End PBXVariantGroup section */

/* Begin XCBuildConfiguration section */
		BF13C4842B932A4800600612 /* Debug */ = {
			isa = XCBuildConfiguration;
			buildSettings = {
				ALWAYS_SEARCH_USER_PATHS = NO;
				ASSETCATALOG_COMPILER_GENERATE_SWIFT_ASSET_SYMBOL_EXTENSIONS = YES;
				CLANG_ANALYZER_NONNULL = YES;
				CLANG_ANALYZER_NUMBER_OBJECT_CONVERSION = YES_AGGRESSIVE;
				CLANG_CXX_LANGUAGE_STANDARD = "gnu++20";
				CLANG_ENABLE_MODULES = YES;
				CLANG_ENABLE_OBJC_ARC = YES;
				CLANG_ENABLE_OBJC_WEAK = YES;
				CLANG_WARN_BLOCK_CAPTURE_AUTORELEASING = YES;
				CLANG_WARN_BOOL_CONVERSION = YES;
				CLANG_WARN_COMMA = YES;
				CLANG_WARN_CONSTANT_CONVERSION = YES;
				CLANG_WARN_DEPRECATED_OBJC_IMPLEMENTATIONS = YES;
				CLANG_WARN_DIRECT_OBJC_ISA_USAGE = YES_ERROR;
				CLANG_WARN_DOCUMENTATION_COMMENTS = YES;
				CLANG_WARN_EMPTY_BODY = YES;
				CLANG_WARN_ENUM_CONVERSION = YES;
				CLANG_WARN_INFINITE_RECURSION = YES;
				CLANG_WARN_INT_CONVERSION = YES;
				CLANG_WARN_NON_LITERAL_NULL_CONVERSION = YES;
				CLANG_WARN_OBJC_IMPLICIT_RETAIN_SELF = YES;
				CLANG_WARN_OBJC_LITERAL_CONVERSION = YES;
				CLANG_WARN_OBJC_ROOT_CLASS = YES_ERROR;
				CLANG_WARN_QUOTED_INCLUDE_IN_FRAMEWORK_HEADER = YES;
				CLANG_WARN_RANGE_LOOP_ANALYSIS = YES;
				CLANG_WARN_STRICT_PROTOTYPES = YES;
				CLANG_WARN_SUSPICIOUS_MOVE = YES;
				CLANG_WARN_UNGUARDED_AVAILABILITY = YES_AGGRESSIVE;
				CLANG_WARN_UNREACHABLE_CODE = YES;
				CLANG_WARN__DUPLICATE_METHOD_MATCH = YES;
				COPY_PHASE_STRIP = NO;
				DEBUG_INFORMATION_FORMAT = dwarf;
				ENABLE_STRICT_OBJC_MSGSEND = YES;
				ENABLE_TESTABILITY = YES;
				ENABLE_USER_SCRIPT_SANDBOXING = YES;
				GCC_C_LANGUAGE_STANDARD = gnu17;
				GCC_DYNAMIC_NO_PIC = NO;
				GCC_NO_COMMON_BLOCKS = YES;
				GCC_OPTIMIZATION_LEVEL = 0;
				GCC_PREPROCESSOR_DEFINITIONS = (
					"DEBUG=1",
					"$(inherited)",
				);
				GCC_WARN_64_TO_32_BIT_CONVERSION = YES;
				GCC_WARN_ABOUT_RETURN_TYPE = YES_ERROR;
				GCC_WARN_UNDECLARED_SELECTOR = YES;
				GCC_WARN_UNINITIALIZED_AUTOS = YES_AGGRESSIVE;
				GCC_WARN_UNUSED_FUNCTION = YES;
				GCC_WARN_UNUSED_VARIABLE = YES;
				IPHONEOS_DEPLOYMENT_TARGET = 17.2;
				LOCALIZATION_PREFERS_STRING_CATALOGS = YES;
				MTL_ENABLE_DEBUG_INFO = INCLUDE_SOURCE;
				MTL_FAST_MATH = YES;
				ONLY_ACTIVE_ARCH = YES;
				SDKROOT = iphoneos;
				SWIFT_ACTIVE_COMPILATION_CONDITIONS = "DEBUG $(inherited)";
				SWIFT_OPTIMIZATION_LEVEL = "-Onone";
			};
			name = Debug;
		};
		BF13C4852B932A4800600612 /* Release */ = {
			isa = XCBuildConfiguration;
			buildSettings = {
				ALWAYS_SEARCH_USER_PATHS = NO;
				ASSETCATALOG_COMPILER_GENERATE_SWIFT_ASSET_SYMBOL_EXTENSIONS = YES;
				CLANG_ANALYZER_NONNULL = YES;
				CLANG_ANALYZER_NUMBER_OBJECT_CONVERSION = YES_AGGRESSIVE;
				CLANG_CXX_LANGUAGE_STANDARD = "gnu++20";
				CLANG_ENABLE_MODULES = YES;
				CLANG_ENABLE_OBJC_ARC = YES;
				CLANG_ENABLE_OBJC_WEAK = YES;
				CLANG_WARN_BLOCK_CAPTURE_AUTORELEASING = YES;
				CLANG_WARN_BOOL_CONVERSION = YES;
				CLANG_WARN_COMMA = YES;
				CLANG_WARN_CONSTANT_CONVERSION = YES;
				CLANG_WARN_DEPRECATED_OBJC_IMPLEMENTATIONS = YES;
				CLANG_WARN_DIRECT_OBJC_ISA_USAGE = YES_ERROR;
				CLANG_WARN_DOCUMENTATION_COMMENTS = YES;
				CLANG_WARN_EMPTY_BODY = YES;
				CLANG_WARN_ENUM_CONVERSION = YES;
				CLANG_WARN_INFINITE_RECURSION = YES;
				CLANG_WARN_INT_CONVERSION = YES;
				CLANG_WARN_NON_LITERAL_NULL_CONVERSION = YES;
				CLANG_WARN_OBJC_IMPLICIT_RETAIN_SELF = YES;
				CLANG_WARN_OBJC_LITERAL_CONVERSION = YES;
				CLANG_WARN_OBJC_ROOT_CLASS = YES_ERROR;
				CLANG_WARN_QUOTED_INCLUDE_IN_FRAMEWORK_HEADER = YES;
				CLANG_WARN_RANGE_LOOP_ANALYSIS = YES;
				CLANG_WARN_STRICT_PROTOTYPES = YES;
				CLANG_WARN_SUSPICIOUS_MOVE = YES;
				CLANG_WARN_UNGUARDED_AVAILABILITY = YES_AGGRESSIVE;
				CLANG_WARN_UNREACHABLE_CODE = YES;
				CLANG_WARN__DUPLICATE_METHOD_MATCH = YES;
				COPY_PHASE_STRIP = NO;
				DEBUG_INFORMATION_FORMAT = "dwarf-with-dsym";
				ENABLE_NS_ASSERTIONS = NO;
				ENABLE_STRICT_OBJC_MSGSEND = YES;
				ENABLE_USER_SCRIPT_SANDBOXING = YES;
				GCC_C_LANGUAGE_STANDARD = gnu17;
				GCC_NO_COMMON_BLOCKS = YES;
				GCC_WARN_64_TO_32_BIT_CONVERSION = YES;
				GCC_WARN_ABOUT_RETURN_TYPE = YES_ERROR;
				GCC_WARN_UNDECLARED_SELECTOR = YES;
				GCC_WARN_UNINITIALIZED_AUTOS = YES_AGGRESSIVE;
				GCC_WARN_UNUSED_FUNCTION = YES;
				GCC_WARN_UNUSED_VARIABLE = YES;
				IPHONEOS_DEPLOYMENT_TARGET = 17.2;
				LOCALIZATION_PREFERS_STRING_CATALOGS = YES;
				MTL_ENABLE_DEBUG_INFO = NO;
				MTL_FAST_MATH = YES;
				SDKROOT = iphoneos;
				SWIFT_COMPILATION_MODE = wholemodule;
				VALIDATE_PRODUCT = YES;
			};
			name = Release;
		};
		BF13C4872B932A4800600612 /* Debug */ = {
			isa = XCBuildConfiguration;
			buildSettings = {
				ASSETCATALOG_COMPILER_APPICON_NAME = AppIcon;
				ASSETCATALOG_COMPILER_GLOBAL_ACCENT_COLOR_NAME = AccentColor;
				CODE_SIGN_STYLE = Automatic;
				CURRENT_PROJECT_VERSION = 1;
				DEVELOPMENT_TEAM = 2937XWQ9VF;
				GENERATE_INFOPLIST_FILE = YES;
				INFOPLIST_FILE = LearningUIKit/Info.plist;
				INFOPLIST_KEY_UIApplicationSupportsIndirectInputEvents = YES;
				INFOPLIST_KEY_UILaunchStoryboardName = LaunchScreen;
				INFOPLIST_KEY_UIMainStoryboardFile = Main;
				INFOPLIST_KEY_UISupportedInterfaceOrientations_iPad = "UIInterfaceOrientationPortrait UIInterfaceOrientationPortraitUpsideDown UIInterfaceOrientationLandscapeLeft UIInterfaceOrientationLandscapeRight";
				INFOPLIST_KEY_UISupportedInterfaceOrientations_iPhone = "UIInterfaceOrientationPortrait UIInterfaceOrientationLandscapeLeft UIInterfaceOrientationLandscapeRight";
				LD_RUNPATH_SEARCH_PATHS = (
					"$(inherited)",
					"@executable_path/Frameworks",
				);
				MARKETING_VERSION = 1.0;
				PRODUCT_BUNDLE_IDENTIFIER = com.vincentpradeilles.LearningUIKit;
				PRODUCT_NAME = "$(TARGET_NAME)";
				SWIFT_EMIT_LOC_STRINGS = YES;
				SWIFT_VERSION = 5.0;
				TARGETED_DEVICE_FAMILY = "1,2";
			};
			name = Debug;
		};
		BF13C4882B932A4800600612 /* Release */ = {
			isa = XCBuildConfiguration;
			buildSettings = {
				ASSETCATALOG_COMPILER_APPICON_NAME = AppIcon;
				ASSETCATALOG_COMPILER_GLOBAL_ACCENT_COLOR_NAME = AccentColor;
				CODE_SIGN_STYLE = Automatic;
				CURRENT_PROJECT_VERSION = 1;
				DEVELOPMENT_TEAM = 2937XWQ9VF;
				GENERATE_INFOPLIST_FILE = YES;
				INFOPLIST_FILE = LearningUIKit/Info.plist;
				INFOPLIST_KEY_UIApplicationSupportsIndirectInputEvents = YES;
				INFOPLIST_KEY_UILaunchStoryboardName = LaunchScreen;
				INFOPLIST_KEY_UIMainStoryboardFile = Main;
				INFOPLIST_KEY_UISupportedInterfaceOrientations_iPad = "UIInterfaceOrientationPortrait UIInterfaceOrientationPortraitUpsideDown UIInterfaceOrientationLandscapeLeft UIInterfaceOrientationLandscapeRight";
				INFOPLIST_KEY_UISupportedInterfaceOrientations_iPhone = "UIInterfaceOrientationPortrait UIInterfaceOrientationLandscapeLeft UIInterfaceOrientationLandscapeRight";
				LD_RUNPATH_SEARCH_PATHS = (
					"$(inherited)",
					"@executable_path/Frameworks",
				);
				MARKETING_VERSION = 1.0;
				PRODUCT_BUNDLE_IDENTIFIER = com.vincentpradeilles.LearningUIKit;
				PRODUCT_NAME = "$(TARGET_NAME)";
				SWIFT_EMIT_LOC_STRINGS = YES;
				SWIFT_VERSION = 5.0;
				TARGETED_DEVICE_FAMILY = "1,2";
			};
			name = Release;
		};
/* End XCBuildConfiguration section */

/* Begin XCConfigurationList section */
		BF13C46D2B932A4700600612 /* Build configuration list for PBXProject "LearningUIKit" */ = {
			isa = XCConfigurationList;
			buildConfigurations = (
				BF13C4842B932A4800600612 /* Debug */,
				BF13C4852B932A4800600612 /* Release */,
			);
			defaultConfigurationIsVisible = 0;
			defaultConfigurationName = Release;
		};
		BF13C4862B932A4800600612 /* Build configuration list for PBXNativeTarget "LearningUIKit" */ = {
			isa = XCConfigurationList;
			buildConfigurations = (
				BF13C4872B932A4800600612 /* Debug */,
				BF13C4882B932A4800600612 /* Release */,
			);
			defaultConfigurationIsVisible = 0;
			defaultConfigurationName = Release;
		};
/* End XCConfigurationList section */
	};
	rootObject = BF13C46A2B932A4700600612 /* Project object */;
}
